
Microsoft Visual Studio Solution File, Format Version 12.00
# Visual Studio 15
VisualStudioVersion = 15.0.26730.15
MinimumVisualStudioVersion = 10.0.40219.1
Project("{9A19103F-16F7-4668-BE54-9A1E7A4F7556}") = "RoverProblem", "RoverProblem\RoverProblem.csproj", "{3BA754DA-3FF6-4EB1-8F86-062729500693}"
EndProject
Project("{FAE04EC0-301F-11D3-BF4B-00C04F79EFBC}") = "RoverProblemTests", "RoverProblemTests\RoverProblemTests.csproj", "{288C12F8-D2C3-43A6-8B81-8F3ED062842C}"
EndProject
Global
	GlobalSection(SolutionConfigurationPlatforms) = preSolution
		Debug|Any CPU = Debug|Any CPU
		Release|Any CPU = Release|Any CPU
	EndGlobalSection
	GlobalSection(ProjectConfigurationPlatforms) = postSolution
		{3BA754DA-3FF6-4EB1-8F86-062729500693}.Debug|Any CPU.ActiveCfg = Debug|Any CPU
		{3BA754DA-3FF6-4EB1-8F86-062729500693}.Debug|Any CPU.Build.0 = Debug|Any CPU
		{3BA754DA-3FF6-4EB1-8F86-062729500693}.Release|Any CPU.ActiveCfg = Release|Any CPU
		{3BA754DA-3FF6-4EB1-8F86-062729500693}.Release|Any CPU.Build.0 = Release|Any CPU
		{288C12F8-D2C3-43A6-8B81-8F3ED062842C}.Debug|Any CPU.ActiveCfg = Debug|Any CPU
		{288C12F8-D2C3-43A6-8B81-8F3ED062842C}.Debug|Any CPU.Build.0 = Debug|Any CPU
		{288C12F8-D2C3-43A6-8B81-8F3ED062842C}.Release|Any CPU.ActiveCfg = Release|Any CPU
		{288C12F8-D2C3-43A6-8B81-8F3ED062842C}.Release|Any CPU.Build.0 = Release|Any CPU
	EndGlobalSection
	GlobalSection(SolutionProperties) = preSolution
		HideSolutionNode = FALSE
	EndGlobalSection
	GlobalSection(ExtensibilityGlobals) = postSolution
		SolutionGuid = {30F1BBE5-493D-4740-AC1B-2151B84DB3A2}
	EndGlobalSection
EndGlobal
